{
  "nodes": {
    "flake-utils": {
      "locked": {
        "lastModified": 1667395993,
        "narHash": "sha256-nuEHfE/LcWyuSWnS8t12N1wc105Qtau+/OdUAjtQ0rA=",
        "owner": "numtide",
        "repo": "flake-utils",
        "rev": "5aed5285a952e0b949eb3ba02c12fa4fcfef535f",
        "type": "github"
      },
      "original": {
        "owner": "numtide",
        "repo": "flake-utils",
        "type": "github"
      }
    },
    "nixos-hardware": {
      "locked": {
        "lastModified": 1668334946,
        "narHash": "sha256-omMbUj4r5DVBWh7KxkoO/Z/1V1shVR6Ls4jXNB4mr3U=",
        "owner": "NixOS",
        "repo": "nixos-hardware",
        "rev": "e0452b33ab0ef16ffe075e980644ed92a6a200bb",
        "type": "github"
      },
      "original": {
        "owner": "NixOS",
        "ref": "master",
        "repo": "nixos-hardware",
        "type": "github"
      }
    },
    "nixos-unstable-channel": {
      "locked": {
        "narHash": "sha256-QtGmfHgRAyYQwHDO3//7DlWKvzjMJyFcX/dRhK6NirM=",
        "type": "tarball",
        "url": "https://nixos.org/channels/nixos-unstable/nixexprs.tar.xz"
      },
      "original": {
        "type": "tarball",
        "url": "https://nixos.org/channels/nixos-unstable/nixexprs.tar.xz"
      }
    },
    "nixpkgs-master": {
      "locked": {
        "lastModified": 1668448833,
        "narHash": "sha256-dt7FB0w9B3gnpnq0FRER9VwEq/sTE7LLSa4AUQFjwtA=",
        "owner": "NixOS",
        "repo": "nixpkgs",
        "rev": "a82e6b5dae5b338568dec9cbe102a7be6d52e544",
        "type": "github"
      },
      "original": {
        "owner": "NixOS",
        "ref": "master",
        "repo": "nixpkgs",
        "type": "github"
      }
    },
    "nixpkgs-unstable": {
      "locked": {
        "lastModified": 1668326430,
        "narHash": "sha256-fJEsHe+lzFf3qcQVTTdK9jqRtUUVXH71tdfgjcKJNpA=",
        "owner": "NixOS",
        "repo": "nixpkgs",
        "rev": "fc07622617a373a742ed96d4dd536849d4bc1ec6",
        "type": "github"
      },
      "original": {
        "owner": "NixOS",
        "ref": "nixos-unstable",
        "repo": "nixpkgs",
        "type": "github"
      }
    },
    "root": {
      "inputs": {
        "flake-utils": "flake-utils",
        "nixos-hardware": "nixos-hardware",
        "nixos-unstable-channel": "nixos-unstable-channel",
        "nixpkgs-master": "nixpkgs-master",
        "nixpkgs-unstable": "nixpkgs-unstable"
      }
    }
  },
  "root": "root",
  "version": 7
}
